
Microsoft Visual Studio Solution File, Format Version 12.00
# Visual Studio Version 17
VisualStudioVersion = 17.13.35818.85 d17.13
MinimumVisualStudioVersion = 10.0.40219.1
Project("{FAE04EC0-301F-11D3-BF4B-00C04F79EFBC}") = "Bai1", "Bai1\Bai1.csproj", "{F43339B4-1AF9-49B1-A350-B4C56763FED4}"
EndProject
Project("{FAE04EC0-301F-11D3-BF4B-00C04F79EFBC}") = "Bai3", "Bai3\Bai3.csproj", "{58003DF3-087F-428A-B783-3E6B3260E529}"
EndProject
Project("{FAE04EC0-301F-11D3-BF4B-00C04F79EFBC}") = "Bai4", "Bai4\Bai4.csproj", "{DFD409F2-B993-45A2-94B0-F9FC1A63C4AA}"
EndProject
Project("{FAE04EC0-301F-11D3-BF4B-00C04F79EFBC}") = "009", "009\009.csproj", "{99CABFDF-BD21-4344-90EC-F5F8CAB3143B}"
EndProject
Project("{FAE04EC0-301F-11D3-BF4B-00C04F79EFBC}") = "010", "010\010.csproj", "{72FCFF5F-9C36-418F-B710-9A9BCEA350AA}"
EndProject
Project("{FAE04EC0-301F-11D3-BF4B-00C04F79EFBC}") = "011", "011\011.csproj", "{3D4EE847-59F0-4D28-8072-6AFF18DB3921}"
EndProject
Project("{FAE04EC0-301F-11D3-BF4B-00C04F79EFBC}") = "059", "059\059.csproj", "{9BFE0D42-61F2-45C0-90D9-815F7F1A2C19}"
EndProject
Project("{FAE04EC0-301F-11D3-BF4B-00C04F79EFBC}") = "073", "073\073.csproj", "{28396DB3-FC30-4324-A094-02FE9E9CC5EB}"
EndProject
Project("{FAE04EC0-301F-11D3-BF4B-00C04F79EFBC}") = "083", "083\083.csproj", "{01AF92A2-C1FC-463D-AEE6-0499FB9E5621}"
EndProject
Project("{FAE04EC0-301F-11D3-BF4B-00C04F79EFBC}") = "089", "089\089.csproj", "{5C9C6D96-32F6-4C8E-B766-CA5915BFAD34}"
EndProject
Project("{FAE04EC0-301F-11D3-BF4B-00C04F79EFBC}") = "114", "114\114.csproj", "{E3469677-698A-4AF9-BC43-DE2A0AB010E7}"
EndProject
Project("{FAE04EC0-301F-11D3-BF4B-00C04F79EFBC}") = "Bai2", "Bai2\Bai2.csproj", "{F8744758-E5EF-44B6-ABFD-C8DFD6C1532A}"
EndProject
Global
	GlobalSection(SolutionConfigurationPlatforms) = preSolution
		Debug|Any CPU = Debug|Any CPU
		Release|Any CPU = Release|Any CPU
	EndGlobalSection
	GlobalSection(ProjectConfigurationPlatforms) = postSolution
		{F43339B4-1AF9-49B1-A350-B4C56763FED4}.Debug|Any CPU.ActiveCfg = Debug|Any CPU
		{F43339B4-1AF9-49B1-A350-B4C56763FED4}.Debug|Any CPU.Build.0 = Debug|Any CPU
		{F43339B4-1AF9-49B1-A350-B4C56763FED4}.Release|Any CPU.ActiveCfg = Release|Any CPU
		{F43339B4-1AF9-49B1-A350-B4C56763FED4}.Release|Any CPU.Build.0 = Release|Any CPU
		{58003DF3-087F-428A-B783-3E6B3260E529}.Debug|Any CPU.ActiveCfg = Debug|Any CPU
		{58003DF3-087F-428A-B783-3E6B3260E529}.Debug|Any CPU.Build.0 = Debug|Any CPU
		{58003DF3-087F-428A-B783-3E6B3260E529}.Release|Any CPU.ActiveCfg = Release|Any CPU
		{58003DF3-087F-428A-B783-3E6B3260E529}.Release|Any CPU.Build.0 = Release|Any CPU
		{DFD409F2-B993-45A2-94B0-F9FC1A63C4AA}.Debug|Any CPU.ActiveCfg = Debug|Any CPU
		{DFD409F2-B993-45A2-94B0-F9FC1A63C4AA}.Debug|Any CPU.Build.0 = Debug|Any CPU
		{DFD409F2-B993-45A2-94B0-F9FC1A63C4AA}.Release|Any CPU.ActiveCfg = Release|Any CPU
		{DFD409F2-B993-45A2-94B0-F9FC1A63C4AA}.Release|Any CPU.Build.0 = Release|Any CPU
		{99CABFDF-BD21-4344-90EC-F5F8CAB3143B}.Debug|Any CPU.ActiveCfg = Debug|Any CPU
		{99CABFDF-BD21-4344-90EC-F5F8CAB3143B}.Debug|Any CPU.Build.0 = Debug|Any CPU
		{99CABFDF-BD21-4344-90EC-F5F8CAB3143B}.Release|Any CPU.ActiveCfg = Release|Any CPU
		{99CABFDF-BD21-4344-90EC-F5F8CAB3143B}.Release|Any CPU.Build.0 = Release|Any CPU
		{72FCFF5F-9C36-418F-B710-9A9BCEA350AA}.Debug|Any CPU.ActiveCfg = Debug|Any CPU
		{72FCFF5F-9C36-418F-B710-9A9BCEA350AA}.Debug|Any CPU.Build.0 = Debug|Any CPU
		{72FCFF5F-9C36-418F-B710-9A9BCEA350AA}.Release|Any CPU.ActiveCfg = Release|Any CPU
		{72FCFF5F-9C36-418F-B710-9A9BCEA350AA}.Release|Any CPU.Build.0 = Release|Any CPU
		{3D4EE847-59F0-4D28-8072-6AFF18DB3921}.Debug|Any CPU.ActiveCfg = Debug|Any CPU
		{3D4EE847-59F0-4D28-8072-6AFF18DB3921}.Debug|Any CPU.Build.0 = Debug|Any CPU
		{3D4EE847-59F0-4D28-8072-6AFF18DB3921}.Release|Any CPU.ActiveCfg = Release|Any CPU
		{3D4EE847-59F0-4D28-8072-6AFF18DB3921}.Release|Any CPU.Build.0 = Release|Any CPU
		{9BFE0D42-61F2-45C0-90D9-815F7F1A2C19}.Debug|Any CPU.ActiveCfg = Debug|Any CPU
		{9BFE0D42-61F2-45C0-90D9-815F7F1A2C19}.Debug|Any CPU.Build.0 = Debug|Any CPU
		{9BFE0D42-61F2-45C0-90D9-815F7F1A2C19}.Release|Any CPU.ActiveCfg = Release|Any CPU
		{9BFE0D42-61F2-45C0-90D9-815F7F1A2C19}.Release|Any CPU.Build.0 = Release|Any CPU
		{28396DB3-FC30-4324-A094-02FE9E9CC5EB}.Debug|Any CPU.ActiveCfg = Debug|Any CPU
		{28396DB3-FC30-4324-A094-02FE9E9CC5EB}.Debug|Any CPU.Build.0 = Debug|Any CPU
		{28396DB3-FC30-4324-A094-02FE9E9CC5EB}.Release|Any CPU.ActiveCfg = Release|Any CPU
		{28396DB3-FC30-4324-A094-02FE9E9CC5EB}.Release|Any CPU.Build.0 = Release|Any CPU
		{01AF92A2-C1FC-463D-AEE6-0499FB9E5621}.Debug|Any CPU.ActiveCfg = Debug|Any CPU
		{01AF92A2-C1FC-463D-AEE6-0499FB9E5621}.Debug|Any CPU.Build.0 = Debug|Any CPU
		{01AF92A2-C1FC-463D-AEE6-0499FB9E5621}.Release|Any CPU.ActiveCfg = Release|Any CPU
		{01AF92A2-C1FC-463D-AEE6-0499FB9E5621}.Release|Any CPU.Build.0 = Release|Any CPU
		{5C9C6D96-32F6-4C8E-B766-CA5915BFAD34}.Debug|Any CPU.ActiveCfg = Debug|Any CPU
		{5C9C6D96-32F6-4C8E-B766-CA5915BFAD34}.Debug|Any CPU.Build.0 = Debug|Any CPU
		{5C9C6D96-32F6-4C8E-B766-CA5915BFAD34}.Release|Any CPU.ActiveCfg = Release|Any CPU
		{5C9C6D96-32F6-4C8E-B766-CA5915BFAD34}.Release|Any CPU.Build.0 = Release|Any CPU
		{E3469677-698A-4AF9-BC43-DE2A0AB010E7}.Debug|Any CPU.ActiveCfg = Debug|Any CPU
		{E3469677-698A-4AF9-BC43-DE2A0AB010E7}.Debug|Any CPU.Build.0 = Debug|Any CPU
		{E3469677-698A-4AF9-BC43-DE2A0AB010E7}.Release|Any CPU.ActiveCfg = Release|Any CPU
		{E3469677-698A-4AF9-BC43-DE2A0AB010E7}.Release|Any CPU.Build.0 = Release|Any CPU
		{F8744758-E5EF-44B6-ABFD-C8DFD6C1532A}.Debug|Any CPU.ActiveCfg = Debug|Any CPU
		{F8744758-E5EF-44B6-ABFD-C8DFD6C1532A}.Debug|Any CPU.Build.0 = Debug|Any CPU
		{F8744758-E5EF-44B6-ABFD-C8DFD6C1532A}.Release|Any CPU.ActiveCfg = Release|Any CPU
		{F8744758-E5EF-44B6-ABFD-C8DFD6C1532A}.Release|Any CPU.Build.0 = Release|Any CPU
	EndGlobalSection
	GlobalSection(SolutionProperties) = preSolution
		HideSolutionNode = FALSE
	EndGlobalSection
	GlobalSection(ExtensibilityGlobals) = postSolution
		SolutionGuid = {5C0CF725-2960-4F49-B4DE-3F6CD9A15E37}
	EndGlobalSection
EndGlobal
